// !$*UTF8*$!
{
	archiveVersion = 1;
	classes = {
	};
	objectVersion = 46;
	objects = {

/* Begin PBXBuildFile section */
		EC2D029A1E7B16C6006FB0D5 /* AppDelegate.swift in Sources */ = {isa = PBXBuildFile; fileRef = EC2D02991E7B16C6006FB0D5 /* AppDelegate.swift */; };
		EC2D029C1E7B16C6006FB0D5 /* ViewController.swift in Sources */ = {isa = PBXBuildFile; fileRef = EC2D029B1E7B16C6006FB0D5 /* ViewController.swift */; };
		EC2D029F1E7B16C6006FB0D5 /* Main.storyboard in Resources */ = {isa = PBXBuildFile; fileRef = EC2D029D1E7B16C6006FB0D5 /* Main.storyboard */; };
		EC2D02A11E7B16C6006FB0D5 /* Assets.xcassets in Resources */ = {isa = PBXBuildFile; fileRef = EC2D02A01E7B16C6006FB0D5 /* Assets.xcassets */; };
		EC2D02A41E7B16C6006FB0D5 /* LaunchScreen.storyboard in Resources */ = {isa = PBXBuildFile; fileRef = EC2D02A21E7B16C6006FB0D5 /* LaunchScreen.storyboard */; };
/* End PBXBuildFile section */

/* Begin PBXFileReference section */
		EC2D02961E7B16C5006FB0D5 /* Hola Mundo.app */ = {isa = PBXFileReference; explicitFileType = wrapper.application; includeInIndex = 0; path = "Hola Mundo.app"; sourceTree = BUILT_PRODUCTS_DIR; };
		EC2D02991E7B16C6006FB0D5 /* AppDelegate.swift */ = {isa = PBXFileReference; lastKnownFileType = sourcecode.swift; path = AppDelegate.swift; sourceTree = "<group>"; };
		EC2D029B1E7B16C6006FB0D5 /* ViewController.swift */ = {isa = PBXFileReference; lastKnownFileType = sourcecode.swift; path = ViewController.swift; sourceTree = "<group>"; };
		EC2D029E1E7B16C6006FB0D5 /* Base */ = {isa = PBXFileReference; lastKnownFileType = file.storyboard; name = Base; path = Base.lproj/Main.storyboard; sourceTree = "<group>"; };
		EC2D02A01E7B16C6006FB0D5 /* Assets.xcassets */ = {isa = PBXFileReference; lastKnownFileType = folder.assetcatalog; path = Assets.xcassets; sourceTree = "<group>"; };
		EC2D02A31E7B16C6006FB0D5 /* Base */ = {isa = PBXFileReference; lastKnownFileType = file.storyboard; name = Base; path = Base.lproj/LaunchScreen.storyboard; sourceTree = "<group>"; };
		EC2D02A51E7B16C6006FB0D5 /* Info.plist */ = {isa = PBXFileReference; lastKnownFileType = text.plist.xml; path = Info.plist; sourceTree = "<group>"; };
/* End PBXFileReference section */

/* Begin PBXFrameworksBuildPhase section */
		EC2D02931E7B16C5006FB0D5 /* Frameworks */ = {
			isa = PBXFrameworksBuildPhase;
			buildActionMask = 2147483647;
			files = (
			);
			runOnlyForDeploymentPostprocessing = 0;
		};
/* End PBXFrameworksBuildPhase section */

/* Begin PBXGroup section */
		EC2D028D1E7B16C5006FB0D5 = {
			isa = PBXGroup;
			children = (
				EC2D02981E7B16C5006FB0D5 /* Hola Mundo */,
				EC2D02971E7B16C5006FB0D5 /* Products */,
			);
			sourceTree = "<group>";
		};
		EC2D02971E7B16C5006FB0D5 /* Products */ = {
			isa = PBXGroup;
			children = (
				EC2D02961E7B16C5006FB0D5 /* Hola Mundo.app */,
			);
			name = Products;
			sourceTree = "<group>";
		};
		EC2D02981E7B16C5006FB0D5 /* Hola Mundo */ = {
			isa = PBXGroup;
			children = (
				EC2D02991E7B16C6006FB0D5 /* AppDelegate.swift */,
				EC2D029B1E7B16C6006FB0D5 /* ViewController.swift */,
				EC2D029D1E7B16C6006FB0D5 /* Main.storyboard */,
				EC2D02A01E7B16C6006FB0D5 /* Assets.xcassets */,
				EC2D02A21E7B16C6006FB0D5 /* LaunchScreen.storyboard */,
				EC2D02A51E7B16C6006FB0D5 /* Info.plist */,
			);
			path = "Hola Mundo";
			sourceTree = "<group>";
		};
/* End PBXGroup section */

/* Begin PBXNativeTarget section */
		EC2D02951E7B16C5006FB0D5 /* Hola Mundo */ = {
			isa = PBXNativeTarget;
			buildConfigurationList = EC2D02A81E7B16C6006FB0D5 /* Build configuration list for PBXNativeTarget "Hola Mundo" */;
			buildPhases = (
				EC2D02921E7B16C5006FB0D5 /* Sources */,
				EC2D02931E7B16C5006FB0D5 /* Frameworks */,
				EC2D02941E7B16C5006FB0D5 /* Resources */,
			);
			buildRules = (
			);
			dependencies = (
			);
			name = "Hola Mundo";
			productName = "Hola Mundo";
			productReference = EC2D02961E7B16C5006FB0D5 /* Hola Mundo.app */;
			productType = "com.apple.product-type.application";
		};
/* End PBXNativeTarget section */

/* Begin PBXProject section */
		EC2D028E1E7B16C5006FB0D5 /* Project object */ = {
			isa = PBXProject;
			attributes = {
				LastSwiftUpdateCheck = 0730;
				LastUpgradeCheck = 0730;
				ORGANIZATIONNAME = swael;
				TargetAttributes = {
					EC2D02951E7B16C5006FB0D5 = {
						CreatedOnToolsVersion = 7.3.1;
					};
				};
			};
			buildConfigurationList = EC2D02911E7B16C5006FB0D5 /* Build configuration list for PBXProject "Hola Mundo" */;
			compatibilityVersion = "Xcode 3.2";
			developmentRegion = English;
			hasScannedForEncodings = 0;
			knownRegions = (
				en,
				Base,
			);
			mainGroup = EC2D028D1E7B16C5006FB0D5;
			productRefGroup = EC2D02971E7B16C5006FB0D5 /* Products */;
			projectDirPath = "";
			projectRoot = "";
			targets = (
				EC2D02951E7B16C5006FB0D5 /* Hola Mundo */,
			);
		};
/* End PBXProject section */

/* Begin PBXResourcesBuildPhase section */
		EC2D02941E7B16C5006FB0D5 /* Resources */ = {
			isa = PBXResourcesBuildPhase;
			buildActionMask = 2147483647;
			files = (
				EC2D02A41E7B16C6006FB0D5 /* LaunchScreen.storyboard in Resources */,
				EC2D02A11E7B16C6006FB0D5 /* Assets.xcassets in Resources */,
				EC2D029F1E7B16C6006FB0D5 /* Main.storyboard in Resources */,
			);
			runOnlyForDeploymentPostprocessing = 0;
		};
/* End PBXResourcesBuildPhase section */

/* Begin PBXSourcesBuildPhase section */
		EC2D02921E7B16C5006FB0D5 /* Sources */ = {
			isa = PBXSourcesBuildPhase;
			buildActionMask = 2147483647;
			files = (
				EC2D029C1E7B16C6006FB0D5 /* ViewController.swift in Sources */,
				EC2D029A1E7B16C6006FB0D5 /* AppDelegate.swift in Sources */,
			);
			runOnlyForDeploymentPostprocessing = 0;
		};
/* End PBXSourcesBuildPhase section */

/* Begin PBXVariantGroup section */
		EC2D029D1E7B16C6006FB0D5 /* Main.storyboard */ = {
			isa = PBXVariantGroup;
			children = (
				EC2D029E1E7B16C6006FB0D5 /* Base */,
			);
			name = Main.storyboard;
			sourceTree = "<group>";
		};
		EC2D02A21E7B16C6006FB0D5 /* LaunchScreen.storyboard */ = {
			isa = PBXVariantGroup;
			children = (
				EC2D02A31E7B16C6006FB0D5 /* Base */,
			);
			name = LaunchScreen.storyboard;
			sourceTree = "<group>";
		};
/* End PBXVariantGroup section */

/* Begin XCBuildConfiguration section */
		EC2D02A61E7B16C6006FB0D5 /* Debug */ = {
			isa = XCBuildConfiguration;
			buildSettings = {
				ALWAYS_SEARCH_USER_PATHS = NO;
				CLANG_ANALYZER_NONNULL = YES;
				CLANG_CXX_LANGUAGE_STANDARD = "gnu++0x";
				CLANG_CXX_LIBRARY = "libc++";
				CLANG_ENABLE_MODULES = YES;
				CLANG_ENABLE_OBJC_ARC = YES;
				CLANG_WARN_BOOL_CONVERSION = YES;
				CLANG_WARN_CONSTANT_CONVERSION = YES;
				CLANG_WARN_DIRECT_OBJC_ISA_USAGE = YES_ERROR;
				CLANG_WARN_EMPTY_BODY = YES;
				CLANG_WARN_ENUM_CONVERSION = YES;
				CLANG_WARN_INT_CONVERSION = YES;
				CLANG_WARN_OBJC_ROOT_CLASS = YES_ERROR;
				CLANG_WARN_UNREACHABLE_CODE = YES;
				CLANG_WARN__DUPLICATE_METHOD_MATCH = YES;
				"CODE_SIGN_IDENTITY[sdk=iphoneos*]" = "iPhone Developer";
				COPY_PHASE_STRIP = NO;
				DEBUG_INFORMATION_FORMAT = dwarf;
				ENABLE_STRICT_OBJC_MSGSEND = YES;
				ENABLE_TESTABILITY = YES;
				GCC_C_LANGUAGE_STANDARD = gnu99;
				GCC_DYNAMIC_NO_PIC = NO;
				GCC_NO_COMMON_BLOCKS = YES;
				GCC_OPTIMIZATION_LEVEL = 0;
				GCC_PREPROCESSOR_DEFINITIONS = (
					"DEBUG=1",
					"$(inherited)",
				);
				GCC_WARN_64_TO_32_BIT_CONVERSION = YES;
				GCC_WARN_ABOUT_RETURN_TYPE = YES_ERROR;
				GCC_WARN_UNDECLARED_SELECTOR = YES;
				GCC_WARN_UNINITIALIZED_AUTOS = YES_AGGRESSIVE;
				GCC_WARN_UNUSED_FUNCTION = YES;
				GCC_WARN_UNUSED_VARIABLE = YES;
				IPHONEOS_DEPLOYMENT_TARGET = 9.3;
				MTL_ENABLE_DEBUG_INFO = YES;
				ONLY_ACTIVE_ARCH = YES;
				SDKROOT = iphoneos;
				SWIFT_OPTIMIZATION_LEVEL = "-Onone";
			};
			name = Debug;
		};
		EC2D02A71E7B16C6006FB0D5 /* Release */ = {
			isa = XCBuildConfiguration;
			buildSettings = {
				ALWAYS_SEARCH_USER_PATHS = NO;
				CLANG_ANALYZER_NONNULL = YES;
				CLANG_CXX_LANGUAGE_STANDARD = "gnu++0x";
				CLANG_CXX_LIBRARY = "libc++";
				CLANG_ENABLE_MODULES = YES;
				CLANG_ENABLE_OBJC_ARC = YES;
				CLANG_WARN_BOOL_CONVERSION = YES;
				CLANG_WARN_CONSTANT_CONVERSION = YES;
				CLANG_WARN_DIRECT_OBJC_ISA_USAGE = YES_ERROR;
				CLANG_WARN_EMPTY_BODY = YES;
				CLANG_WARN_ENUM_CONVERSION = YES;
				CLANG_WARN_INT_CONVERSION = YES;
				CLANG_WARN_OBJC_ROOT_CLASS = YES_ERROR;
				CLANG_WARN_UNREACHABLE_CODE = YES;
				CLANG_WARN__DUPLICATE_METHOD_MATCH = YES;
				"CODE_SIGN_IDENTITY[sdk=iphoneos*]" = "iPhone Developer";
				COPY_PHASE_STRIP = NO;
				DEBUG_INFORMATION_FORMAT = "dwarf-with-dsym";
				ENABLE_NS_ASSERTIONS = NO;
				ENABLE_STRICT_OBJC_MSGSEND = YES;
				GCC_C_LANGUAGE_STANDARD = gnu99;
				GCC_NO_COMMON_BLOCKS = YES;
				GCC_WARN_64_TO_32_BIT_CONVERSION = YES;
				GCC_WARN_ABOUT_RETURN_TYPE = YES_ERROR;
				GCC_WARN_UNDECLARED_SELECTOR = YES;
				GCC_WARN_UNINITIALIZED_AUTOS = YES_AGGRESSIVE;
				GCC_WARN_UNUSED_FUNCTION = YES;
				GCC_WARN_UNUSED_VARIABLE = YES;
				IPHONEOS_DEPLOYMENT_TARGET = 9.3;
				MTL_ENABLE_DEBUG_INFO = NO;
				SDKROOT = iphoneos;
				VALIDATE_PRODUCT = YES;
			};
			name = Release;
		};
		EC2D02A91E7B16C6006FB0D5 /* Debug */ = {
			isa = XCBuildConfiguration;
			buildSettings = {
				ASSETCATALOG_COMPILER_APPICON_NAME = AppIcon;
				INFOPLIST_FILE = "Hola Mundo/Info.plist";
				LD_RUNPATH_SEARCH_PATHS = "$(inherited) @executable_path/Frameworks";
				PRODUCT_BUNDLE_IDENTIFIER = "co.swel.iosdeveloper.Hola-Mundo";
				PRODUCT_NAME = "$(TARGET_NAME)";
			};
			name = Debug;
		};
		EC2D02AA1E7B16C6006FB0D5 /* Release */ = {
			isa = XCBuildConfiguration;
			buildSettings = {
				ASSETCATALOG_COMPILER_APPICON_NAME = AppIcon;
				INFOPLIST_FILE = "Hola Mundo/Info.plist";
				LD_RUNPATH_SEARCH_PATHS = "$(inherited) @executable_path/Frameworks";
				PRODUCT_BUNDLE_IDENTIFIER = "co.swel.iosdeveloper.Hola-Mundo";
				PRODUCT_NAME = "$(TARGET_NAME)";
			};
			name = Release;
		};
/* End XCBuildConfiguration section */

/* Begin XCConfigurationList section */
		EC2D02911E7B16C5006FB0D5 /* Build configuration list for PBXProject "Hola Mundo" */ = {
			isa = XCConfigurationList;
			buildConfigurations = (
				EC2D02A61E7B16C6006FB0D5 /* Debug */,
				EC2D02A71E7B16C6006FB0D5 /* Release */,
			);
			defaultConfigurationIsVisible = 0;
			defaultConfigurationName = Release;
		};
		EC2D02A81E7B16C6006FB0D5 /* Build configuration list for PBXNativeTarget "Hola Mundo" */ = {
			isa = XCConfigurationList;
			buildConfigurations = (
				EC2D02A91E7B16C6006FB0D5 /* Debug */,
				EC2D02AA1E7B16C6006FB0D5 /* Release */,
			);
			defaultConfigurationIsVisible = 0;
		};
/* End XCConfigurationList section */
	};
	rootObject = EC2D028E1E7B16C5006FB0D5 /* Project object */;
}
